
Microsoft Visual Studio Solution File, Format Version 12.00
# Visual Studio 15
VisualStudioVersion = 15.0.26124.0
MinimumVisualStudioVersion = 15.0.26124.0
Project("{2150E333-8FDC-42A3-9474-1A3956D46DE8}") = "src", "src", "{8DEDD306-7F79-4A61-B554-AA6B9F58D260}"
EndProject
Project("{FAE04EC0-301F-11D3-BF4B-00C04F79EFBC}") = "pg-entity", "src\pg-entity\pg-entity.csproj", "{BA255149-DE29-48BD-99ED-CB1E2FA6FF46}"
EndProject
Project("{2150E333-8FDC-42A3-9474-1A3956D46DE8}") = "test", "test", "{EB298446-72D2-4A1B-BE52-FE80151B3964}"
EndProject
Project("{FAE04EC0-301F-11D3-BF4B-00C04F79EFBC}") = "TableEntityGenerator.Tests", "test\TableEntityGenerator.Tests\TableEntityGenerator.Tests.csproj", "{EEB9FDD4-7BDE-45B5-B110-38B933F23965}"
EndProject
Global
	GlobalSection(SolutionConfigurationPlatforms) = preSolution
		Debug|Any CPU = Debug|Any CPU
		Debug|x64 = Debug|x64
		Debug|x86 = Debug|x86
		Release|Any CPU = Release|Any CPU
		Release|x64 = Release|x64
		Release|x86 = Release|x86
	EndGlobalSection
	GlobalSection(SolutionProperties) = preSolution
		HideSolutionNode = FALSE
	EndGlobalSection
	GlobalSection(ProjectConfigurationPlatforms) = postSolution
		{BA255149-DE29-48BD-99ED-CB1E2FA6FF46}.Debug|Any CPU.ActiveCfg = Debug|Any CPU
		{BA255149-DE29-48BD-99ED-CB1E2FA6FF46}.Debug|Any CPU.Build.0 = Debug|Any CPU
		{BA255149-DE29-48BD-99ED-CB1E2FA6FF46}.Debug|x64.ActiveCfg = Debug|Any CPU
		{BA255149-DE29-48BD-99ED-CB1E2FA6FF46}.Debug|x64.Build.0 = Debug|Any CPU
		{BA255149-DE29-48BD-99ED-CB1E2FA6FF46}.Debug|x86.ActiveCfg = Debug|Any CPU
		{BA255149-DE29-48BD-99ED-CB1E2FA6FF46}.Debug|x86.Build.0 = Debug|Any CPU
		{BA255149-DE29-48BD-99ED-CB1E2FA6FF46}.Release|Any CPU.ActiveCfg = Release|Any CPU
		{BA255149-DE29-48BD-99ED-CB1E2FA6FF46}.Release|Any CPU.Build.0 = Release|Any CPU
		{BA255149-DE29-48BD-99ED-CB1E2FA6FF46}.Release|x64.ActiveCfg = Release|Any CPU
		{BA255149-DE29-48BD-99ED-CB1E2FA6FF46}.Release|x64.Build.0 = Release|Any CPU
		{BA255149-DE29-48BD-99ED-CB1E2FA6FF46}.Release|x86.ActiveCfg = Release|Any CPU
		{BA255149-DE29-48BD-99ED-CB1E2FA6FF46}.Release|x86.Build.0 = Release|Any CPU
		{EEB9FDD4-7BDE-45B5-B110-38B933F23965}.Debug|Any CPU.ActiveCfg = Debug|Any CPU
		{EEB9FDD4-7BDE-45B5-B110-38B933F23965}.Debug|Any CPU.Build.0 = Debug|Any CPU
		{EEB9FDD4-7BDE-45B5-B110-38B933F23965}.Debug|x64.ActiveCfg = Debug|Any CPU
		{EEB9FDD4-7BDE-45B5-B110-38B933F23965}.Debug|x64.Build.0 = Debug|Any CPU
		{EEB9FDD4-7BDE-45B5-B110-38B933F23965}.Debug|x86.ActiveCfg = Debug|Any CPU
		{EEB9FDD4-7BDE-45B5-B110-38B933F23965}.Debug|x86.Build.0 = Debug|Any CPU
		{EEB9FDD4-7BDE-45B5-B110-38B933F23965}.Release|Any CPU.ActiveCfg = Release|Any CPU
		{EEB9FDD4-7BDE-45B5-B110-38B933F23965}.Release|Any CPU.Build.0 = Release|Any CPU
		{EEB9FDD4-7BDE-45B5-B110-38B933F23965}.Release|x64.ActiveCfg = Release|Any CPU
		{EEB9FDD4-7BDE-45B5-B110-38B933F23965}.Release|x64.Build.0 = Release|Any CPU
		{EEB9FDD4-7BDE-45B5-B110-38B933F23965}.Release|x86.ActiveCfg = Release|Any CPU
		{EEB9FDD4-7BDE-45B5-B110-38B933F23965}.Release|x86.Build.0 = Release|Any CPU
	EndGlobalSection
	GlobalSection(NestedProjects) = preSolution
		{BA255149-DE29-48BD-99ED-CB1E2FA6FF46} = {8DEDD306-7F79-4A61-B554-AA6B9F58D260}
		{EEB9FDD4-7BDE-45B5-B110-38B933F23965} = {EB298446-72D2-4A1B-BE52-FE80151B3964}
	EndGlobalSection
EndGlobal
